// !$*UTF8*$!
{
	archiveVersion = 1;
	classes = {
	};
	objectVersion = 56;
	objects = {

/* Begin PBXBuildFile section */
		FFDC38D12C1FD202009BC27E /* AppDelegate.swift in Sources */ = {isa = PBXBuildFile; fileRef = FFDC38D02C1FD202009BC27E /* AppDelegate.swift */; };
		FFDC38D32C1FD202009BC27E /* SceneDelegate.swift in Sources */ = {isa = PBXBuildFile; fileRef = FFDC38D22C1FD202009BC27E /* SceneDelegate.swift */; };
		FFDC38DA2C1FD203009BC27E /* Assets.xcassets in Resources */ = {isa = PBXBuildFile; fileRef = FFDC38D92C1FD203009BC27E /* Assets.xcassets */; };
		FFDC38DD2C1FD203009BC27E /* LaunchScreen.storyboard in Resources */ = {isa = PBXBuildFile; fileRef = FFDC38DB2C1FD203009BC27E /* LaunchScreen.storyboard */; };
		FFDC38E82C1FD203009BC27E /* InterviewProjectTests.swift in Sources */ = {isa = PBXBuildFile; fileRef = FFDC38E72C1FD203009BC27E /* InterviewProjectTests.swift */; };
		FFDC39012C1FD21E009BC27E /* FirstViewController.swift in Sources */ = {isa = PBXBuildFile; fileRef = FFDC39002C1FD21E009BC27E /* FirstViewController.swift */; };
		FFDC39032C1FD4DA009BC27E /* SecondViewController.swift in Sources */ = {isa = PBXBuildFile; fileRef = FFDC39022C1FD4DA009BC27E /* SecondViewController.swift */; };
		FFDC39052C1FD503009BC27E /* DetailViewController.swift in Sources */ = {isa = PBXBuildFile; fileRef = FFDC39042C1FD503009BC27E /* DetailViewController.swift */; };
/* End PBXBuildFile section */

/* Begin PBXContainerItemProxy section */
		FFDC38E42C1FD203009BC27E /* PBXContainerItemProxy */ = {
			isa = PBXContainerItemProxy;
			containerPortal = FFDC38C52C1FD202009BC27E /* Project object */;
			proxyType = 1;
			remoteGlobalIDString = FFDC38CC2C1FD202009BC27E;
			remoteInfo = InterviewProject;
		};
/* End PBXContainerItemProxy section */

/* Begin PBXFileReference section */
		FFDC38CD2C1FD202009BC27E /* InterviewProject.app */ = {isa = PBXFileReference; explicitFileType = wrapper.application; includeInIndex = 0; path = InterviewProject.app; sourceTree = BUILT_PRODUCTS_DIR; };
		FFDC38D02C1FD202009BC27E /* AppDelegate.swift */ = {isa = PBXFileReference; lastKnownFileType = sourcecode.swift; path = AppDelegate.swift; sourceTree = "<group>"; };
		FFDC38D22C1FD202009BC27E /* SceneDelegate.swift */ = {isa = PBXFileReference; lastKnownFileType = sourcecode.swift; path = SceneDelegate.swift; sourceTree = "<group>"; };
		FFDC38D92C1FD203009BC27E /* Assets.xcassets */ = {isa = PBXFileReference; lastKnownFileType = folder.assetcatalog; path = Assets.xcassets; sourceTree = "<group>"; };
		FFDC38DC2C1FD203009BC27E /* Base */ = {isa = PBXFileReference; lastKnownFileType = file.storyboard; name = Base; path = Base.lproj/LaunchScreen.storyboard; sourceTree = "<group>"; };
		FFDC38DE2C1FD203009BC27E /* Info.plist */ = {isa = PBXFileReference; lastKnownFileType = text.plist.xml; path = Info.plist; sourceTree = "<group>"; };
		FFDC38E32C1FD203009BC27E /* InterviewProjectTests.xctest */ = {isa = PBXFileReference; explicitFileType = wrapper.cfbundle; includeInIndex = 0; path = InterviewProjectTests.xctest; sourceTree = BUILT_PRODUCTS_DIR; };
		FFDC38E72C1FD203009BC27E /* InterviewProjectTests.swift */ = {isa = PBXFileReference; lastKnownFileType = sourcecode.swift; path = InterviewProjectTests.swift; sourceTree = "<group>"; };
		FFDC39002C1FD21E009BC27E /* FirstViewController.swift */ = {isa = PBXFileReference; lastKnownFileType = sourcecode.swift; path = FirstViewController.swift; sourceTree = "<group>"; };
		FFDC39022C1FD4DA009BC27E /* SecondViewController.swift */ = {isa = PBXFileReference; lastKnownFileType = sourcecode.swift; path = SecondViewController.swift; sourceTree = "<group>"; };
		FFDC39042C1FD503009BC27E /* DetailViewController.swift */ = {isa = PBXFileReference; lastKnownFileType = sourcecode.swift; path = DetailViewController.swift; sourceTree = "<group>"; };
/* End PBXFileReference section */

/* Begin PBXFrameworksBuildPhase section */
		FFDC38CA2C1FD202009BC27E /* Frameworks */ = {
			isa = PBXFrameworksBuildPhase;
			buildActionMask = 2147483647;
			files = (
			);
			runOnlyForDeploymentPostprocessing = 0;
		};
		FFDC38E02C1FD203009BC27E /* Frameworks */ = {
			isa = PBXFrameworksBuildPhase;
			buildActionMask = 2147483647;
			files = (
			);
			runOnlyForDeploymentPostprocessing = 0;
		};
/* End PBXFrameworksBuildPhase section */

/* Begin PBXGroup section */
		FFDC38C42C1FD202009BC27E = {
			isa = PBXGroup;
			children = (
				FFDC38CF2C1FD202009BC27E /* InterviewProject */,
				FFDC38E62C1FD203009BC27E /* InterviewProjectTests */,
				FFDC38CE2C1FD202009BC27E /* Products */,
			);
			sourceTree = "<group>";
		};
		FFDC38CE2C1FD202009BC27E /* Products */ = {
			isa = PBXGroup;
			children = (
				FFDC38CD2C1FD202009BC27E /* InterviewProject.app */,
				FFDC38E32C1FD203009BC27E /* InterviewProjectTests.xctest */,
			);
			name = Products;
			sourceTree = "<group>";
		};
		FFDC38CF2C1FD202009BC27E /* InterviewProject */ = {
			isa = PBXGroup;
			children = (
				FFDC38D02C1FD202009BC27E /* AppDelegate.swift */,
				FFDC38D22C1FD202009BC27E /* SceneDelegate.swift */,
				FFDC39002C1FD21E009BC27E /* FirstViewController.swift */,
				FFDC39022C1FD4DA009BC27E /* SecondViewController.swift */,
				FFDC39042C1FD503009BC27E /* DetailViewController.swift */,
				FFDC38D92C1FD203009BC27E /* Assets.xcassets */,
				FFDC38DB2C1FD203009BC27E /* LaunchScreen.storyboard */,
				FFDC38DE2C1FD203009BC27E /* Info.plist */,
			);
			path = InterviewProject;
			sourceTree = "<group>";
		};
		FFDC38E62C1FD203009BC27E /* InterviewProjectTests */ = {
			isa = PBXGroup;
			children = (
				FFDC38E72C1FD203009BC27E /* InterviewProjectTests.swift */,
			);
			path = InterviewProjectTests;
			sourceTree = "<group>";
		};
/* End PBXGroup section */

/* Begin PBXNativeTarget section */
		FFDC38CC2C1FD202009BC27E /* InterviewProject */ = {
			isa = PBXNativeTarget;
			buildConfigurationList = FFDC38F72C1FD203009BC27E /* Build configuration list for PBXNativeTarget "InterviewProject" */;
			buildPhases = (
				FFDC38C92C1FD202009BC27E /* Sources */,
				FFDC38CA2C1FD202009BC27E /* Frameworks */,
				FFDC38CB2C1FD202009BC27E /* Resources */,
			);
			buildRules = (
			);
			dependencies = (
			);
			name = InterviewProject;
			productName = InterviewProject;
			productReference = FFDC38CD2C1FD202009BC27E /* InterviewProject.app */;
			productType = "com.apple.product-type.application";
		};
		FFDC38E22C1FD203009BC27E /* InterviewProjectTests */ = {
			isa = PBXNativeTarget;
			buildConfigurationList = FFDC38FA2C1FD203009BC27E /* Build configuration list for PBXNativeTarget "InterviewProjectTests" */;
			buildPhases = (
				FFDC38DF2C1FD203009BC27E /* Sources */,
				FFDC38E02C1FD203009BC27E /* Frameworks */,
				FFDC38E12C1FD203009BC27E /* Resources */,
			);
			buildRules = (
			);
			dependencies = (
				FFDC38E52C1FD203009BC27E /* PBXTargetDependency */,
			);
			name = InterviewProjectTests;
			productName = InterviewProjectTests;
			productReference = FFDC38E32C1FD203009BC27E /* InterviewProjectTests.xctest */;
			productType = "com.apple.product-type.bundle.unit-test";
		};
/* End PBXNativeTarget section */

/* Begin PBXProject section */
		FFDC38C52C1FD202009BC27E /* Project object */ = {
			isa = PBXProject;
			attributes = {
				BuildIndependentTargetsInParallel = 1;
				LastSwiftUpdateCheck = 1510;
				LastUpgradeCheck = 1510;
				TargetAttributes = {
					FFDC38CC2C1FD202009BC27E = {
						CreatedOnToolsVersion = 15.1;
					};
					FFDC38E22C1FD203009BC27E = {
						CreatedOnToolsVersion = 15.1;
						TestTargetID = FFDC38CC2C1FD202009BC27E;
					};
				};
			};
			buildConfigurationList = FFDC38C82C1FD202009BC27E /* Build configuration list for PBXProject "InterviewProject" */;
			compatibilityVersion = "Xcode 14.0";
			developmentRegion = en;
			hasScannedForEncodings = 0;
			knownRegions = (
				en,
				Base,
			);
			mainGroup = FFDC38C42C1FD202009BC27E;
			productRefGroup = FFDC38CE2C1FD202009BC27E /* Products */;
			projectDirPath = "";
			projectRoot = "";
			targets = (
				FFDC38CC2C1FD202009BC27E /* InterviewProject */,
				FFDC38E22C1FD203009BC27E /* InterviewProjectTests */,
			);
		};
/* End PBXProject section */

/* Begin PBXResourcesBuildPhase section */
		FFDC38CB2C1FD202009BC27E /* Resources */ = {
			isa = PBXResourcesBuildPhase;
			buildActionMask = 2147483647;
			files = (
				FFDC38DD2C1FD203009BC27E /* LaunchScreen.storyboard in Resources */,
				FFDC38DA2C1FD203009BC27E /* Assets.xcassets in Resources */,
			);
			runOnlyForDeploymentPostprocessing = 0;
		};
		FFDC38E12C1FD203009BC27E /* Resources */ = {
			isa = PBXResourcesBuildPhase;
			buildActionMask = 2147483647;
			files = (
			);
			runOnlyForDeploymentPostprocessing = 0;
		};
/* End PBXResourcesBuildPhase section */

/* Begin PBXSourcesBuildPhase section */
		FFDC38C92C1FD202009BC27E /* Sources */ = {
			isa = PBXSourcesBuildPhase;
			buildActionMask = 2147483647;
			files = (
				FFDC39032C1FD4DA009BC27E /* SecondViewController.swift in Sources */,
				FFDC38D12C1FD202009BC27E /* AppDelegate.swift in Sources */,
				FFDC39052C1FD503009BC27E /* DetailViewController.swift in Sources */,
				FFDC38D32C1FD202009BC27E /* SceneDelegate.swift in Sources */,
				FFDC39012C1FD21E009BC27E /* FirstViewController.swift in Sources */,
			);
			runOnlyForDeploymentPostprocessing = 0;
		};
		FFDC38DF2C1FD203009BC27E /* Sources */ = {
			isa = PBXSourcesBuildPhase;
			buildActionMask = 2147483647;
			files = (
				FFDC38E82C1FD203009BC27E /* InterviewProjectTests.swift in Sources */,
			);
			runOnlyForDeploymentPostprocessing = 0;
		};
/* End PBXSourcesBuildPhase section */

/* Begin PBXTargetDependency section */
		FFDC38E52C1FD203009BC27E /* PBXTargetDependency */ = {
			isa = PBXTargetDependency;
			target = FFDC38CC2C1FD202009BC27E /* InterviewProject */;
			targetProxy = FFDC38E42C1FD203009BC27E /* PBXContainerItemProxy */;
		};
/* End PBXTargetDependency section */

/* Begin PBXVariantGroup section */
		FFDC38DB2C1FD203009BC27E /* LaunchScreen.storyboard */ = {
			isa = PBXVariantGroup;
			children = (
				FFDC38DC2C1FD203009BC27E /* Base */,
			);
			name = LaunchScreen.storyboard;
			sourceTree = "<group>";
		};
/* End PBXVariantGroup section */

/* Begin XCBuildConfiguration section */
		FFDC38F52C1FD203009BC27E /* Debug */ = {
			isa = XCBuildConfiguration;
			buildSettings = {
				ALWAYS_SEARCH_USER_PATHS = NO;
				ASSETCATALOG_COMPILER_GENERATE_SWIFT_ASSET_SYMBOL_EXTENSIONS = YES;
				CLANG_ANALYZER_NONNULL = YES;
				CLANG_ANALYZER_NUMBER_OBJECT_CONVERSION = YES_AGGRESSIVE;
				CLANG_CXX_LANGUAGE_STANDARD = "gnu++20";
				CLANG_ENABLE_MODULES = YES;
				CLANG_ENABLE_OBJC_ARC = YES;
				CLANG_ENABLE_OBJC_WEAK = YES;
				CLANG_WARN_BLOCK_CAPTURE_AUTORELEASING = YES;
				CLANG_WARN_BOOL_CONVERSION = YES;
				CLANG_WARN_COMMA = YES;
				CLANG_WARN_CONSTANT_CONVERSION = YES;
				CLANG_WARN_DEPRECATED_OBJC_IMPLEMENTATIONS = YES;
				CLANG_WARN_DIRECT_OBJC_ISA_USAGE = YES_ERROR;
				CLANG_WARN_DOCUMENTATION_COMMENTS = YES;
				CLANG_WARN_EMPTY_BODY = YES;
				CLANG_WARN_ENUM_CONVERSION = YES;
				CLANG_WARN_INFINITE_RECURSION = YES;
				CLANG_WARN_INT_CONVERSION = YES;
				CLANG_WARN_NON_LITERAL_NULL_CONVERSION = YES;
				CLANG_WARN_OBJC_IMPLICIT_RETAIN_SELF = YES;
				CLANG_WARN_OBJC_LITERAL_CONVERSION = YES;
				CLANG_WARN_OBJC_ROOT_CLASS = YES_ERROR;
				CLANG_WARN_QUOTED_INCLUDE_IN_FRAMEWORK_HEADER = YES;
				CLANG_WARN_RANGE_LOOP_ANALYSIS = YES;
				CLANG_WARN_STRICT_PROTOTYPES = YES;
				CLANG_WARN_SUSPICIOUS_MOVE = YES;
				CLANG_WARN_UNGUARDED_AVAILABILITY = YES_AGGRESSIVE;
				CLANG_WARN_UNREACHABLE_CODE = YES;
				CLANG_WARN__DUPLICATE_METHOD_MATCH = YES;
				COPY_PHASE_STRIP = NO;
				DEBUG_INFORMATION_FORMAT = dwarf;
				ENABLE_STRICT_OBJC_MSGSEND = YES;
				ENABLE_TESTABILITY = YES;
				ENABLE_USER_SCRIPT_SANDBOXING = YES;
				GCC_C_LANGUAGE_STANDARD = gnu17;
				GCC_DYNAMIC_NO_PIC = NO;
				GCC_NO_COMMON_BLOCKS = YES;
				GCC_OPTIMIZATION_LEVEL = 0;
				GCC_PREPROCESSOR_DEFINITIONS = (
					"DEBUG=1",
					"$(inherited)",
				);
				GCC_WARN_64_TO_32_BIT_CONVERSION = YES;
				GCC_WARN_ABOUT_RETURN_TYPE = YES_ERROR;
				GCC_WARN_UNDECLARED_SELECTOR = YES;
				GCC_WARN_UNINITIALIZED_AUTOS = YES_AGGRESSIVE;
				GCC_WARN_UNUSED_FUNCTION = YES;
				GCC_WARN_UNUSED_VARIABLE = YES;
				IPHONEOS_DEPLOYMENT_TARGET = 17.2;
				LOCALIZATION_PREFERS_STRING_CATALOGS = YES;
				MTL_ENABLE_DEBUG_INFO = INCLUDE_SOURCE;
				MTL_FAST_MATH = YES;
				ONLY_ACTIVE_ARCH = YES;
				SDKROOT = iphoneos;
				SWIFT_ACTIVE_COMPILATION_CONDITIONS = "DEBUG $(inherited)";
				SWIFT_OPTIMIZATION_LEVEL = "-Onone";
			};
			name = Debug;
		};
		FFDC38F62C1FD203009BC27E /* Release */ = {
			isa = XCBuildConfiguration;
			buildSettings = {
				ALWAYS_SEARCH_USER_PATHS = NO;
				ASSETCATALOG_COMPILER_GENERATE_SWIFT_ASSET_SYMBOL_EXTENSIONS = YES;
				CLANG_ANALYZER_NONNULL = YES;
				CLANG_ANALYZER_NUMBER_OBJECT_CONVERSION = YES_AGGRESSIVE;
				CLANG_CXX_LANGUAGE_STANDARD = "gnu++20";
				CLANG_ENABLE_MODULES = YES;
				CLANG_ENABLE_OBJC_ARC = YES;
				CLANG_ENABLE_OBJC_WEAK = YES;
				CLANG_WARN_BLOCK_CAPTURE_AUTORELEASING = YES;
				CLANG_WARN_BOOL_CONVERSION = YES;
				CLANG_WARN_COMMA = YES;
				CLANG_WARN_CONSTANT_CONVERSION = YES;
				CLANG_WARN_DEPRECATED_OBJC_IMPLEMENTATIONS = YES;
				CLANG_WARN_DIRECT_OBJC_ISA_USAGE = YES_ERROR;
				CLANG_WARN_DOCUMENTATION_COMMENTS = YES;
				CLANG_WARN_EMPTY_BODY = YES;
				CLANG_WARN_ENUM_CONVERSION = YES;
				CLANG_WARN_INFINITE_RECURSION = YES;
				CLANG_WARN_INT_CONVERSION = YES;
				CLANG_WARN_NON_LITERAL_NULL_CONVERSION = YES;
				CLANG_WARN_OBJC_IMPLICIT_RETAIN_SELF = YES;
				CLANG_WARN_OBJC_LITERAL_CONVERSION = YES;
				CLANG_WARN_OBJC_ROOT_CLASS = YES_ERROR;
				CLANG_WARN_QUOTED_INCLUDE_IN_FRAMEWORK_HEADER = YES;
				CLANG_WARN_RANGE_LOOP_ANALYSIS = YES;
				CLANG_WARN_STRICT_PROTOTYPES = YES;
				CLANG_WARN_SUSPICIOUS_MOVE = YES;
				CLANG_WARN_UNGUARDED_AVAILABILITY = YES_AGGRESSIVE;
				CLANG_WARN_UNREACHABLE_CODE = YES;
				CLANG_WARN__DUPLICATE_METHOD_MATCH = YES;
				COPY_PHASE_STRIP = NO;
				DEBUG_INFORMATION_FORMAT = "dwarf-with-dsym";
				ENABLE_NS_ASSERTIONS = NO;
				ENABLE_STRICT_OBJC_MSGSEND = YES;
				ENABLE_USER_SCRIPT_SANDBOXING = YES;
				GCC_C_LANGUAGE_STANDARD = gnu17;
				GCC_NO_COMMON_BLOCKS = YES;
				GCC_WARN_64_TO_32_BIT_CONVERSION = YES;
				GCC_WARN_ABOUT_RETURN_TYPE = YES_ERROR;
				GCC_WARN_UNDECLARED_SELECTOR = YES;
				GCC_WARN_UNINITIALIZED_AUTOS = YES_AGGRESSIVE;
				GCC_WARN_UNUSED_FUNCTION = YES;
				GCC_WARN_UNUSED_VARIABLE = YES;
				IPHONEOS_DEPLOYMENT_TARGET = 17.2;
				LOCALIZATION_PREFERS_STRING_CATALOGS = YES;
				MTL_ENABLE_DEBUG_INFO = NO;
				MTL_FAST_MATH = YES;
				SDKROOT = iphoneos;
				SWIFT_COMPILATION_MODE = wholemodule;
				VALIDATE_PRODUCT = YES;
			};
			name = Release;
		};
		FFDC38F82C1FD203009BC27E /* Debug */ = {
			isa = XCBuildConfiguration;
			buildSettings = {
				ASSETCATALOG_COMPILER_APPICON_NAME = AppIcon;
				ASSETCATALOG_COMPILER_GLOBAL_ACCENT_COLOR_NAME = AccentColor;
				CODE_SIGN_STYLE = Automatic;
				CURRENT_PROJECT_VERSION = 1;
				DEVELOPMENT_TEAM = 9M4278K6XP;
				GENERATE_INFOPLIST_FILE = YES;
				INFOPLIST_FILE = InterviewProject/Info.plist;
				INFOPLIST_KEY_UIApplicationSupportsIndirectInputEvents = YES;
				INFOPLIST_KEY_UILaunchStoryboardName = LaunchScreen;
				INFOPLIST_KEY_UISupportedInterfaceOrientations_iPad = "UIInterfaceOrientationPortrait UIInterfaceOrientationPortraitUpsideDown UIInterfaceOrientationLandscapeLeft UIInterfaceOrientationLandscapeRight";
				INFOPLIST_KEY_UISupportedInterfaceOrientations_iPhone = "UIInterfaceOrientationPortrait UIInterfaceOrientationLandscapeLeft UIInterfaceOrientationLandscapeRight";
				LD_RUNPATH_SEARCH_PATHS = (
					"$(inherited)",
					"@executable_path/Frameworks",
				);
				MARKETING_VERSION = 1.0;
				PRODUCT_BUNDLE_IDENTIFIER = com.interviewproject.InterviewProject;
				PRODUCT_NAME = "$(TARGET_NAME)";
				SWIFT_EMIT_LOC_STRINGS = YES;
				SWIFT_VERSION = 5.0;
				TARGETED_DEVICE_FAMILY = "1,2";
			};
			name = Debug;
		};
		FFDC38F92C1FD203009BC27E /* Release */ = {
			isa = XCBuildConfiguration;
			buildSettings = {
				ASSETCATALOG_COMPILER_APPICON_NAME = AppIcon;
				ASSETCATALOG_COMPILER_GLOBAL_ACCENT_COLOR_NAME = AccentColor;
				CODE_SIGN_STYLE = Automatic;
				CURRENT_PROJECT_VERSION = 1;
				DEVELOPMENT_TEAM = 9M4278K6XP;
				GENERATE_INFOPLIST_FILE = YES;
				INFOPLIST_FILE = InterviewProject/Info.plist;
				INFOPLIST_KEY_UIApplicationSupportsIndirectInputEvents = YES;
				INFOPLIST_KEY_UILaunchStoryboardName = LaunchScreen;
				INFOPLIST_KEY_UISupportedInterfaceOrientations_iPad = "UIInterfaceOrientationPortrait UIInterfaceOrientationPortraitUpsideDown UIInterfaceOrientationLandscapeLeft UIInterfaceOrientationLandscapeRight";
				INFOPLIST_KEY_UISupportedInterfaceOrientations_iPhone = "UIInterfaceOrientationPortrait UIInterfaceOrientationLandscapeLeft UIInterfaceOrientationLandscapeRight";
				LD_RUNPATH_SEARCH_PATHS = (
					"$(inherited)",
					"@executable_path/Frameworks",
				);
				MARKETING_VERSION = 1.0;
				PRODUCT_BUNDLE_IDENTIFIER = com.interviewproject.InterviewProject;
				PRODUCT_NAME = "$(TARGET_NAME)";
				SWIFT_EMIT_LOC_STRINGS = YES;
				SWIFT_VERSION = 5.0;
				TARGETED_DEVICE_FAMILY = "1,2";
			};
			name = Release;
		};
		FFDC38FB2C1FD203009BC27E /* Debug */ = {
			isa = XCBuildConfiguration;
			buildSettings = {
				ALWAYS_EMBED_SWIFT_STANDARD_LIBRARIES = YES;
				BUNDLE_LOADER = "$(TEST_HOST)";
				CODE_SIGN_STYLE = Automatic;
				CURRENT_PROJECT_VERSION = 1;
				DEVELOPMENT_TEAM = 9M4278K6XP;
				GENERATE_INFOPLIST_FILE = YES;
				IPHONEOS_DEPLOYMENT_TARGET = 17.2;
				MARKETING_VERSION = 1.0;
				PRODUCT_BUNDLE_IDENTIFIER = com.interviewproject.InterviewProjectTests;
				PRODUCT_NAME = "$(TARGET_NAME)";
				SWIFT_EMIT_LOC_STRINGS = NO;
				SWIFT_VERSION = 5.0;
				TARGETED_DEVICE_FAMILY = "1,2";
				TEST_HOST = "$(BUILT_PRODUCTS_DIR)/InterviewProject.app/$(BUNDLE_EXECUTABLE_FOLDER_PATH)/InterviewProject";
			};
			name = Debug;
		};
		FFDC38FC2C1FD203009BC27E /* Release */ = {
			isa = XCBuildConfiguration;
			buildSettings = {
				ALWAYS_EMBED_SWIFT_STANDARD_LIBRARIES = YES;
				BUNDLE_LOADER = "$(TEST_HOST)";
				CODE_SIGN_STYLE = Automatic;
				CURRENT_PROJECT_VERSION = 1;
				DEVELOPMENT_TEAM = 9M4278K6XP;
				GENERATE_INFOPLIST_FILE = YES;
				IPHONEOS_DEPLOYMENT_TARGET = 17.2;
				MARKETING_VERSION = 1.0;
				PRODUCT_BUNDLE_IDENTIFIER = com.interviewproject.InterviewProjectTests;
				PRODUCT_NAME = "$(TARGET_NAME)";
				SWIFT_EMIT_LOC_STRINGS = NO;
				SWIFT_VERSION = 5.0;
				TARGETED_DEVICE_FAMILY = "1,2";
				TEST_HOST = "$(BUILT_PRODUCTS_DIR)/InterviewProject.app/$(BUNDLE_EXECUTABLE_FOLDER_PATH)/InterviewProject";
			};
			name = Release;
		};
/* End XCBuildConfiguration section */

/* Begin XCConfigurationList section */
		FFDC38C82C1FD202009BC27E /* Build configuration list for PBXProject "InterviewProject" */ = {
			isa = XCConfigurationList;
			buildConfigurations = (
				FFDC38F52C1FD203009BC27E /* Debug */,
				FFDC38F62C1FD203009BC27E /* Release */,
			);
			defaultConfigurationIsVisible = 0;
			defaultConfigurationName = Release;
		};
		FFDC38F72C1FD203009BC27E /* Build configuration list for PBXNativeTarget "InterviewProject" */ = {
			isa = XCConfigurationList;
			buildConfigurations = (
				FFDC38F82C1FD203009BC27E /* Debug */,
				FFDC38F92C1FD203009BC27E /* Release */,
			);
			defaultConfigurationIsVisible = 0;
			defaultConfigurationName = Release;
		};
		FFDC38FA2C1FD203009BC27E /* Build configuration list for PBXNativeTarget "InterviewProjectTests" */ = {
			isa = XCConfigurationList;
			buildConfigurations = (
				FFDC38FB2C1FD203009BC27E /* Debug */,
				FFDC38FC2C1FD203009BC27E /* Release */,
			);
			defaultConfigurationIsVisible = 0;
			defaultConfigurationName = Release;
		};
/* End XCConfigurationList section */
	};
	rootObject = FFDC38C52C1FD202009BC27E /* Project object */;
}
